
Microsoft Visual Studio Solution File, Format Version 12.00
# Visual Studio 15
VisualStudioVersion = 15.0.26730.16
MinimumVisualStudioVersion = 10.0.40219.1
Project("{9A19103F-16F7-4668-BE54-9A1E7A4F7556}") = "DAT", "DAT\DAT.csproj", "{4EF4A413-3CD3-4889-87DA-76E0F96EF465}"
EndProject
Project("{9A19103F-16F7-4668-BE54-9A1E7A4F7556}") = "UnitTests", "UnitTests\UnitTests.csproj", "{DB6C2722-51DD-420A-B875-1974C444719F}"
EndProject
Project("{2150E333-8FDC-42A3-9474-1A3956D46DE8}") = "SampleConfigFiles", "SampleConfigFiles", "{2610E1B5-AAF5-40AB-9023-7E6FAED2AE1D}"
	ProjectSection(SolutionItems) = preProject
		TestConfig.json = TestConfig.json
	EndProjectSection
EndProject
Global
	GlobalSection(SolutionConfigurationPlatforms) = preSolution
		Debug|Any CPU = Debug|Any CPU
		Release|Any CPU = Release|Any CPU
	EndGlobalSection
	GlobalSection(ProjectConfigurationPlatforms) = postSolution
		{4EF4A413-3CD3-4889-87DA-76E0F96EF465}.Debug|Any CPU.ActiveCfg = Debug|Any CPU
		{4EF4A413-3CD3-4889-87DA-76E0F96EF465}.Debug|Any CPU.Build.0 = Debug|Any CPU
		{4EF4A413-3CD3-4889-87DA-76E0F96EF465}.Release|Any CPU.ActiveCfg = Release|Any CPU
		{4EF4A413-3CD3-4889-87DA-76E0F96EF465}.Release|Any CPU.Build.0 = Release|Any CPU
		{DB6C2722-51DD-420A-B875-1974C444719F}.Debug|Any CPU.ActiveCfg = Debug|Any CPU
		{DB6C2722-51DD-420A-B875-1974C444719F}.Debug|Any CPU.Build.0 = Debug|Any CPU
		{DB6C2722-51DD-420A-B875-1974C444719F}.Release|Any CPU.ActiveCfg = Release|Any CPU
		{DB6C2722-51DD-420A-B875-1974C444719F}.Release|Any CPU.Build.0 = Release|Any CPU
	EndGlobalSection
	GlobalSection(SolutionProperties) = preSolution
		HideSolutionNode = FALSE
	EndGlobalSection
	GlobalSection(ExtensibilityGlobals) = postSolution
		SolutionGuid = {6AE244AD-4688-42E5-811B-2A3590DCD70D}
	EndGlobalSection
EndGlobal
